
Microsoft Visual Studio Solution File, Format Version 12.00
# Visual Studio Version 17
VisualStudioVersion = 17.11.35222.181
MinimumVisualStudioVersion = 10.0.40219.1
Project("{FAE04EC0-301F-11D3-BF4B-00C04F79EFBC}") = "RokakEsNyulak", "RokakEsNyulak\RokakEsNyulak.csproj", "{3A42B808-2ED0-4AE8-80C3-4D71C615AFF4}"
EndProject
Project("{FAE04EC0-301F-11D3-BF4B-00C04F79EFBC}") = "RokakEsNyulakLib", "RokakEsNyulakLib\RokakEsNyulakLib.csproj", "{96E417F4-9B8B-4EE2-8810-B7D2573B9233}"
EndProject
Global
	GlobalSection(SolutionConfigurationPlatforms) = preSolution
		Debug|Any CPU = Debug|Any CPU
		Release|Any CPU = Release|Any CPU
	EndGlobalSection
	GlobalSection(ProjectConfigurationPlatforms) = postSolution
		{3A42B808-2ED0-4AE8-80C3-4D71C615AFF4}.Debug|Any CPU.ActiveCfg = Debug|Any CPU
		{3A42B808-2ED0-4AE8-80C3-4D71C615AFF4}.Debug|Any CPU.Build.0 = Debug|Any CPU
		{3A42B808-2ED0-4AE8-80C3-4D71C615AFF4}.Release|Any CPU.ActiveCfg = Release|Any CPU
		{3A42B808-2ED0-4AE8-80C3-4D71C615AFF4}.Release|Any CPU.Build.0 = Release|Any CPU
		{96E417F4-9B8B-4EE2-8810-B7D2573B9233}.Debug|Any CPU.ActiveCfg = Debug|Any CPU
		{96E417F4-9B8B-4EE2-8810-B7D2573B9233}.Debug|Any CPU.Build.0 = Debug|Any CPU
		{96E417F4-9B8B-4EE2-8810-B7D2573B9233}.Release|Any CPU.ActiveCfg = Release|Any CPU
		{96E417F4-9B8B-4EE2-8810-B7D2573B9233}.Release|Any CPU.Build.0 = Release|Any CPU
	EndGlobalSection
	GlobalSection(SolutionProperties) = preSolution
		HideSolutionNode = FALSE
	EndGlobalSection
	GlobalSection(ExtensibilityGlobals) = postSolution
		SolutionGuid = {2E2B1917-5DDD-415F-B044-600DE67B3121}
	EndGlobalSection
EndGlobal
